
Microsoft Visual Studio Solution File, Format Version 12.00
# Visual Studio Version 17
VisualStudioVersion = 17.4.33205.214
MinimumVisualStudioVersion = 10.0.40219.1
Project("{FAE04EC0-301F-11D3-BF4B-00C04F79EFBC}") = "Mikan MiniDE", "Mikan MiniDE\Mikan MiniDE.csproj", "{2862F441-1F71-4754-A2C6-D915DD2A541B}"
EndProject
Global
	GlobalSection(SolutionConfigurationPlatforms) = preSolution
		Debug|Any CPU = Debug|Any CPU
		Release|Any CPU = Release|Any CPU
	EndGlobalSection
	GlobalSection(ProjectConfigurationPlatforms) = postSolution
		{2862F441-1F71-4754-A2C6-D915DD2A541B}.Debug|Any CPU.ActiveCfg = Debug|Any CPU
		{2862F441-1F71-4754-A2C6-D915DD2A541B}.Debug|Any CPU.Build.0 = Debug|Any CPU
		{2862F441-1F71-4754-A2C6-D915DD2A541B}.Release|Any CPU.ActiveCfg = Release|Any CPU
		{2862F441-1F71-4754-A2C6-D915DD2A541B}.Release|Any CPU.Build.0 = Release|Any CPU
	EndGlobalSection
	GlobalSection(SolutionProperties) = preSolution
		HideSolutionNode = FALSE
	EndGlobalSection
	GlobalSection(ExtensibilityGlobals) = postSolution
		SolutionGuid = {0D55C2AE-E1D1-4005-841E-4CC4F5BF7B0F}
	EndGlobalSection
EndGlobal
